// !$*UTF8*$!
{
	archiveVersion = 1;
	classes = {
	};
	objectVersion = 48;
	objects = {

/* Begin PBXBuildFile section */
		46EB452A0620E1FC5B33DFC5 /* Pods_TweetsUITests.framework in Frameworks */ = {isa = PBXBuildFile; fileRef = 463CF459E7623BF3DEA478E5 /* Pods_TweetsUITests.framework */; };
		8634B338107F108862E0071C /* Pods_Tweets.framework in Frameworks */ = {isa = PBXBuildFile; fileRef = 0C2F3315564BE4BE2639648F /* Pods_Tweets.framework */; };
		AC018FC31F9E573B007FF7F8 /* TweetsViewController.swift in Sources */ = {isa = PBXBuildFile; fileRef = AC018FC11F9E573B007FF7F8 /* TweetsViewController.swift */; };
		AC018FC51F9E5772007FF7F8 /* TweetObject.swift in Sources */ = {isa = PBXBuildFile; fileRef = AC018FC41F9E5772007FF7F8 /* TweetObject.swift */; };
		AC018FC81F9E57A2007FF7F8 /* TweetTableViewCell.swift in Sources */ = {isa = PBXBuildFile; fileRef = AC018FC61F9E57A2007FF7F8 /* TweetTableViewCell.swift */; };
		AC018FC91F9E57A2007FF7F8 /* TweetTableViewCell.xib in Resources */ = {isa = PBXBuildFile; fileRef = AC018FC71F9E57A2007FF7F8 /* TweetTableViewCell.xib */; };
		AC018FCF1F9E5808007FF7F8 /* retweet@3x.png in Resources */ = {isa = PBXBuildFile; fileRef = AC018FCC1F9E5808007FF7F8 /* retweet@3x.png */; };
		AC018FD01F9E5808007FF7F8 /* retweet@2x.png in Resources */ = {isa = PBXBuildFile; fileRef = AC018FCD1F9E5808007FF7F8 /* retweet@2x.png */; };
		AC018FD11F9E5808007FF7F8 /* retweet.png in Resources */ = {isa = PBXBuildFile; fileRef = AC018FCE1F9E5808007FF7F8 /* retweet.png */; };
		AC018FD31F9E581F007FF7F8 /* TweetSearchAPIHelper.swift in Sources */ = {isa = PBXBuildFile; fileRef = AC018FD21F9E581F007FF7F8 /* TweetSearchAPIHelper.swift */; };
		AC018FD51F9E59B3007FF7F8 /* UtilityMethods.swift in Sources */ = {isa = PBXBuildFile; fileRef = AC018FD41F9E59B3007FF7F8 /* UtilityMethods.swift */; };
		AC1817111F9E51FA006B5156 /* AppDelegate.swift in Sources */ = {isa = PBXBuildFile; fileRef = AC1817101F9E51FA006B5156 /* AppDelegate.swift */; };
		AC1817161F9E51FA006B5156 /* Main.storyboard in Resources */ = {isa = PBXBuildFile; fileRef = AC1817141F9E51FA006B5156 /* Main.storyboard */; };
		AC1817181F9E51FA006B5156 /* Assets.xcassets in Resources */ = {isa = PBXBuildFile; fileRef = AC1817171F9E51FA006B5156 /* Assets.xcassets */; };
		AC18171B1F9E51FA006B5156 /* LaunchScreen.storyboard in Resources */ = {isa = PBXBuildFile; fileRef = AC1817191F9E51FA006B5156 /* LaunchScreen.storyboard */; };
		AC1817261F9E51FA006B5156 /* TweetsTests.swift in Sources */ = {isa = PBXBuildFile; fileRef = AC1817251F9E51FA006B5156 /* TweetsTests.swift */; };
		AC1817311F9E51FA006B5156 /* TweetsUITests.swift in Sources */ = {isa = PBXBuildFile; fileRef = AC1817301F9E51FA006B5156 /* TweetsUITests.swift */; };
		AC2D09CD1F9E9111004D4111 /* favorite@2x.png in Resources */ = {isa = PBXBuildFile; fileRef = AC2D09CA1F9E9111004D4111 /* favorite@2x.png */; };
		AC2D09CE1F9E9111004D4111 /* favorite@3x.png in Resources */ = {isa = PBXBuildFile; fileRef = AC2D09CB1F9E9111004D4111 /* favorite@3x.png */; };
		AC2D09CF1F9E9111004D4111 /* favorite.png in Resources */ = {isa = PBXBuildFile; fileRef = AC2D09CC1F9E9111004D4111 /* favorite.png */; };
		AC2D5F451F9E5B1200656B01 /* LoadingView.swift in Sources */ = {isa = PBXBuildFile; fileRef = AC2D5F441F9E5B1200656B01 /* LoadingView.swift */; };
		B149C7552DE979339CC19201 /* Pods_TweetsTests.framework in Frameworks */ = {isa = PBXBuildFile; fileRef = 75F27838E0FFED172E706882 /* Pods_TweetsTests.framework */; };
/* End PBXBuildFile section */

/* Begin PBXContainerItemProxy section */
		AC1817221F9E51FA006B5156 /* PBXContainerItemProxy */ = {
			isa = PBXContainerItemProxy;
			containerPortal = AC1817051F9E51FA006B5156 /* Project object */;
			proxyType = 1;
			remoteGlobalIDString = AC18170C1F9E51FA006B5156;
			remoteInfo = Tweets;
		};
		AC18172D1F9E51FA006B5156 /* PBXContainerItemProxy */ = {
			isa = PBXContainerItemProxy;
			containerPortal = AC1817051F9E51FA006B5156 /* Project object */;
			proxyType = 1;
			remoteGlobalIDString = AC18170C1F9E51FA006B5156;
			remoteInfo = Tweets;
		};
/* End PBXContainerItemProxy section */

/* Begin PBXFileReference section */
		0C2F3315564BE4BE2639648F /* Pods_Tweets.framework */ = {isa = PBXFileReference; explicitFileType = wrapper.framework; includeInIndex = 0; path = Pods_Tweets.framework; sourceTree = BUILT_PRODUCTS_DIR; };
		1D7979BE5B12A34E19CE0AEF /* Pods-TweetsTests.release.xcconfig */ = {isa = PBXFileReference; includeInIndex = 1; lastKnownFileType = text.xcconfig; name = "Pods-TweetsTests.release.xcconfig"; path = "Pods/Target Support Files/Pods-TweetsTests/Pods-TweetsTests.release.xcconfig"; sourceTree = "<group>"; };
		463CF459E7623BF3DEA478E5 /* Pods_TweetsUITests.framework */ = {isa = PBXFileReference; explicitFileType = wrapper.framework; includeInIndex = 0; path = Pods_TweetsUITests.framework; sourceTree = BUILT_PRODUCTS_DIR; };
		75F27838E0FFED172E706882 /* Pods_TweetsTests.framework */ = {isa = PBXFileReference; explicitFileType = wrapper.framework; includeInIndex = 0; path = Pods_TweetsTests.framework; sourceTree = BUILT_PRODUCTS_DIR; };
		904C13E4AA4E0B57D6D7582E /* Pods-TweetsTests.debug.xcconfig */ = {isa = PBXFileReference; includeInIndex = 1; lastKnownFileType = text.xcconfig; name = "Pods-TweetsTests.debug.xcconfig"; path = "Pods/Target Support Files/Pods-TweetsTests/Pods-TweetsTests.debug.xcconfig"; sourceTree = "<group>"; };
		AC018FC11F9E573B007FF7F8 /* TweetsViewController.swift */ = {isa = PBXFileReference; fileEncoding = 4; lastKnownFileType = sourcecode.swift; path = TweetsViewController.swift; sourceTree = "<group>"; };
		AC018FC41F9E5772007FF7F8 /* TweetObject.swift */ = {isa = PBXFileReference; lastKnownFileType = sourcecode.swift; path = TweetObject.swift; sourceTree = "<group>"; };
		AC018FC61F9E57A2007FF7F8 /* TweetTableViewCell.swift */ = {isa = PBXFileReference; lastKnownFileType = sourcecode.swift; path = TweetTableViewCell.swift; sourceTree = "<group>"; };
		AC018FC71F9E57A2007FF7F8 /* TweetTableViewCell.xib */ = {isa = PBXFileReference; lastKnownFileType = file.xib; path = TweetTableViewCell.xib; sourceTree = "<group>"; };
		AC018FCC1F9E5808007FF7F8 /* retweet@3x.png */ = {isa = PBXFileReference; lastKnownFileType = image.png; path = "retweet@3x.png"; sourceTree = "<group>"; };
		AC018FCD1F9E5808007FF7F8 /* retweet@2x.png */ = {isa = PBXFileReference; lastKnownFileType = image.png; path = "retweet@2x.png"; sourceTree = "<group>"; };
		AC018FCE1F9E5808007FF7F8 /* retweet.png */ = {isa = PBXFileReference; lastKnownFileType = image.png; path = retweet.png; sourceTree = "<group>"; };
		AC018FD21F9E581F007FF7F8 /* TweetSearchAPIHelper.swift */ = {isa = PBXFileReference; lastKnownFileType = sourcecode.swift; path = TweetSearchAPIHelper.swift; sourceTree = "<group>"; };
		AC018FD41F9E59B3007FF7F8 /* UtilityMethods.swift */ = {isa = PBXFileReference; lastKnownFileType = sourcecode.swift; path = UtilityMethods.swift; sourceTree = "<group>"; };
		AC18170D1F9E51FA006B5156 /* Tweets.app */ = {isa = PBXFileReference; explicitFileType = wrapper.application; includeInIndex = 0; path = Tweets.app; sourceTree = BUILT_PRODUCTS_DIR; };
		AC1817101F9E51FA006B5156 /* AppDelegate.swift */ = {isa = PBXFileReference; lastKnownFileType = sourcecode.swift; path = AppDelegate.swift; sourceTree = "<group>"; };
		AC1817151F9E51FA006B5156 /* Base */ = {isa = PBXFileReference; lastKnownFileType = file.storyboard; name = Base; path = Base.lproj/Main.storyboard; sourceTree = "<group>"; };
		AC1817171F9E51FA006B5156 /* Assets.xcassets */ = {isa = PBXFileReference; lastKnownFileType = folder.assetcatalog; path = Assets.xcassets; sourceTree = "<group>"; };
		AC18171A1F9E51FA006B5156 /* Base */ = {isa = PBXFileReference; lastKnownFileType = file.storyboard; name = Base; path = Base.lproj/LaunchScreen.storyboard; sourceTree = "<group>"; };
		AC18171C1F9E51FA006B5156 /* Info.plist */ = {isa = PBXFileReference; lastKnownFileType = text.plist.xml; path = Info.plist; sourceTree = "<group>"; };
		AC1817211F9E51FA006B5156 /* TweetsTests.xctest */ = {isa = PBXFileReference; explicitFileType = wrapper.cfbundle; includeInIndex = 0; path = TweetsTests.xctest; sourceTree = BUILT_PRODUCTS_DIR; };
		AC1817251F9E51FA006B5156 /* TweetsTests.swift */ = {isa = PBXFileReference; lastKnownFileType = sourcecode.swift; path = TweetsTests.swift; sourceTree = "<group>"; };
		AC1817271F9E51FA006B5156 /* Info.plist */ = {isa = PBXFileReference; lastKnownFileType = text.plist.xml; path = Info.plist; sourceTree = "<group>"; };
		AC18172C1F9E51FA006B5156 /* TweetsUITests.xctest */ = {isa = PBXFileReference; explicitFileType = wrapper.cfbundle; includeInIndex = 0; path = TweetsUITests.xctest; sourceTree = BUILT_PRODUCTS_DIR; };
		AC1817301F9E51FA006B5156 /* TweetsUITests.swift */ = {isa = PBXFileReference; lastKnownFileType = sourcecode.swift; path = TweetsUITests.swift; sourceTree = "<group>"; };
		AC1817321F9E51FA006B5156 /* Info.plist */ = {isa = PBXFileReference; lastKnownFileType = text.plist.xml; path = Info.plist; sourceTree = "<group>"; };
		AC2D09CA1F9E9111004D4111 /* favorite@2x.png */ = {isa = PBXFileReference; lastKnownFileType = image.png; path = "favorite@2x.png"; sourceTree = "<group>"; };
		AC2D09CB1F9E9111004D4111 /* favorite@3x.png */ = {isa = PBXFileReference; lastKnownFileType = image.png; path = "favorite@3x.png"; sourceTree = "<group>"; };
		AC2D09CC1F9E9111004D4111 /* favorite.png */ = {isa = PBXFileReference; lastKnownFileType = image.png; path = favorite.png; sourceTree = "<group>"; };
		AC2D5F441F9E5B1200656B01 /* LoadingView.swift */ = {isa = PBXFileReference; lastKnownFileType = sourcecode.swift; path = LoadingView.swift; sourceTree = "<group>"; };
		B41CBEF9DB9C0FB104F51B46 /* Pods-TweetsUITests.release.xcconfig */ = {isa = PBXFileReference; includeInIndex = 1; lastKnownFileType = text.xcconfig; name = "Pods-TweetsUITests.release.xcconfig"; path = "Pods/Target Support Files/Pods-TweetsUITests/Pods-TweetsUITests.release.xcconfig"; sourceTree = "<group>"; };
		E786A1DB0B783A89730E4F75 /* Pods-TweetsUITests.debug.xcconfig */ = {isa = PBXFileReference; includeInIndex = 1; lastKnownFileType = text.xcconfig; name = "Pods-TweetsUITests.debug.xcconfig"; path = "Pods/Target Support Files/Pods-TweetsUITests/Pods-TweetsUITests.debug.xcconfig"; sourceTree = "<group>"; };
		F0FAA789E8EA9782038AE4F3 /* Pods-Tweets.release.xcconfig */ = {isa = PBXFileReference; includeInIndex = 1; lastKnownFileType = text.xcconfig; name = "Pods-Tweets.release.xcconfig"; path = "Pods/Target Support Files/Pods-Tweets/Pods-Tweets.release.xcconfig"; sourceTree = "<group>"; };
		F742334F6451C581884540DA /* Pods-Tweets.debug.xcconfig */ = {isa = PBXFileReference; includeInIndex = 1; lastKnownFileType = text.xcconfig; name = "Pods-Tweets.debug.xcconfig"; path = "Pods/Target Support Files/Pods-Tweets/Pods-Tweets.debug.xcconfig"; sourceTree = "<group>"; };
/* End PBXFileReference section */

/* Begin PBXFrameworksBuildPhase section */
		AC18170A1F9E51FA006B5156 /* Frameworks */ = {
			isa = PBXFrameworksBuildPhase;
			buildActionMask = 2147483647;
			files = (
				8634B338107F108862E0071C /* Pods_Tweets.framework in Frameworks */,
			);
			runOnlyForDeploymentPostprocessing = 0;
		};
		AC18171E1F9E51FA006B5156 /* Frameworks */ = {
			isa = PBXFrameworksBuildPhase;
			buildActionMask = 2147483647;
			files = (
				B149C7552DE979339CC19201 /* Pods_TweetsTests.framework in Frameworks */,
			);
			runOnlyForDeploymentPostprocessing = 0;
		};
		AC1817291F9E51FA006B5156 /* Frameworks */ = {
			isa = PBXFrameworksBuildPhase;
			buildActionMask = 2147483647;
			files = (
				46EB452A0620E1FC5B33DFC5 /* Pods_TweetsUITests.framework in Frameworks */,
			);
			runOnlyForDeploymentPostprocessing = 0;
		};
/* End PBXFrameworksBuildPhase section */

/* Begin PBXGroup section */
		09186FC712CC09659AA6D6B8 /* Pods */ = {
			isa = PBXGroup;
			children = (
				F742334F6451C581884540DA /* Pods-Tweets.debug.xcconfig */,
				F0FAA789E8EA9782038AE4F3 /* Pods-Tweets.release.xcconfig */,
				904C13E4AA4E0B57D6D7582E /* Pods-TweetsTests.debug.xcconfig */,
				1D7979BE5B12A34E19CE0AEF /* Pods-TweetsTests.release.xcconfig */,
				E786A1DB0B783A89730E4F75 /* Pods-TweetsUITests.debug.xcconfig */,
				B41CBEF9DB9C0FB104F51B46 /* Pods-TweetsUITests.release.xcconfig */,
			);
			name = Pods;
			sourceTree = "<group>";
		};
		75096B04CC9359C49AA3A826 /* Frameworks */ = {
			isa = PBXGroup;
			children = (
				0C2F3315564BE4BE2639648F /* Pods_Tweets.framework */,
				75F27838E0FFED172E706882 /* Pods_TweetsTests.framework */,
				463CF459E7623BF3DEA478E5 /* Pods_TweetsUITests.framework */,
			);
			name = Frameworks;
			sourceTree = "<group>";
		};
		AC018FBF1F9E573A007FF7F8 /* Views */ = {
			isa = PBXGroup;
			children = (
				AC018FC61F9E57A2007FF7F8 /* TweetTableViewCell.swift */,
				AC018FC71F9E57A2007FF7F8 /* TweetTableViewCell.xib */,
			);
			path = Views;
			sourceTree = "<group>";
		};
		AC018FC01F9E573B007FF7F8 /* Controllers */ = {
			isa = PBXGroup;
			children = (
				AC018FC11F9E573B007FF7F8 /* TweetsViewController.swift */,
			);
			path = Controllers;
			sourceTree = "<group>";
		};
		AC018FC21F9E573B007FF7F8 /* Models */ = {
			isa = PBXGroup;
			children = (
				AC018FC41F9E5772007FF7F8 /* TweetObject.swift */,
			);
			path = Models;
			sourceTree = "<group>";
		};
		AC018FCA1F9E57E5007FF7F8 /* Utilities */ = {
			isa = PBXGroup;
			children = (
				AC2D5F441F9E5B1200656B01 /* LoadingView.swift */,
				AC018FD41F9E59B3007FF7F8 /* UtilityMethods.swift */,
				AC2D09CC1F9E9111004D4111 /* favorite.png */,
				AC2D09CA1F9E9111004D4111 /* favorite@2x.png */,
				AC2D09CB1F9E9111004D4111 /* favorite@3x.png */,
				AC018FCE1F9E5808007FF7F8 /* retweet.png */,
				AC018FCD1F9E5808007FF7F8 /* retweet@2x.png */,
				AC018FCC1F9E5808007FF7F8 /* retweet@3x.png */,
			);
			path = Utilities;
			sourceTree = "<group>";
		};
		AC018FCB1F9E57F3007FF7F8 /* Helpers */ = {
			isa = PBXGroup;
			children = (
				AC018FD21F9E581F007FF7F8 /* TweetSearchAPIHelper.swift */,
			);
			path = Helpers;
			sourceTree = "<group>";
		};
		AC1817041F9E51FA006B5156 = {
			isa = PBXGroup;
			children = (
				AC18170F1F9E51FA006B5156 /* Tweets */,
				AC1817241F9E51FA006B5156 /* TweetsTests */,
				AC18172F1F9E51FA006B5156 /* TweetsUITests */,
				AC18170E1F9E51FA006B5156 /* Products */,
				09186FC712CC09659AA6D6B8 /* Pods */,
				75096B04CC9359C49AA3A826 /* Frameworks */,
			);
			sourceTree = "<group>";
		};
		AC18170E1F9E51FA006B5156 /* Products */ = {
			isa = PBXGroup;
			children = (
				AC18170D1F9E51FA006B5156 /* Tweets.app */,
				AC1817211F9E51FA006B5156 /* TweetsTests.xctest */,
				AC18172C1F9E51FA006B5156 /* TweetsUITests.xctest */,
			);
			name = Products;
			sourceTree = "<group>";
		};
		AC18170F1F9E51FA006B5156 /* Tweets */ = {
			isa = PBXGroup;
			children = (
				AC018FC01F9E573B007FF7F8 /* Controllers */,
				AC018FCB1F9E57F3007FF7F8 /* Helpers */,
				AC018FC21F9E573B007FF7F8 /* Models */,
				AC018FBF1F9E573A007FF7F8 /* Views */,
				AC018FCA1F9E57E5007FF7F8 /* Utilities */,
				AC1817101F9E51FA006B5156 /* AppDelegate.swift */,
				AC1817141F9E51FA006B5156 /* Main.storyboard */,
				AC1817171F9E51FA006B5156 /* Assets.xcassets */,
				AC1817191F9E51FA006B5156 /* LaunchScreen.storyboard */,
				AC18171C1F9E51FA006B5156 /* Info.plist */,
			);
			path = Tweets;
			sourceTree = "<group>";
		};
		AC1817241F9E51FA006B5156 /* TweetsTests */ = {
			isa = PBXGroup;
			children = (
				AC1817251F9E51FA006B5156 /* TweetsTests.swift */,
				AC1817271F9E51FA006B5156 /* Info.plist */,
			);
			path = TweetsTests;
			sourceTree = "<group>";
		};
		AC18172F1F9E51FA006B5156 /* TweetsUITests */ = {
			isa = PBXGroup;
			children = (
				AC1817301F9E51FA006B5156 /* TweetsUITests.swift */,
				AC1817321F9E51FA006B5156 /* Info.plist */,
			);
			path = TweetsUITests;
			sourceTree = "<group>";
		};
/* End PBXGroup section */

/* Begin PBXNativeTarget section */
		AC18170C1F9E51FA006B5156 /* Tweets */ = {
			isa = PBXNativeTarget;
			buildConfigurationList = AC1817351F9E51FA006B5156 /* Build configuration list for PBXNativeTarget "Tweets" */;
			buildPhases = (
				D0490EE2FD3D38278BBD8D4B /* [CP] Check Pods Manifest.lock */,
				AC1817091F9E51FA006B5156 /* Sources */,
				AC18170A1F9E51FA006B5156 /* Frameworks */,
				AC18170B1F9E51FA006B5156 /* Resources */,
				E1202E70C0664938A2AEA85A /* [CP] Embed Pods Frameworks */,
				7E46DDC464477D64EBBC93BA /* [CP] Copy Pods Resources */,
			);
			buildRules = (
			);
			dependencies = (
			);
			name = Tweets;
			productName = Tweets;
			productReference = AC18170D1F9E51FA006B5156 /* Tweets.app */;
			productType = "com.apple.product-type.application";
		};
		AC1817201F9E51FA006B5156 /* TweetsTests */ = {
			isa = PBXNativeTarget;
			buildConfigurationList = AC1817381F9E51FA006B5156 /* Build configuration list for PBXNativeTarget "TweetsTests" */;
			buildPhases = (
				6367EBA888134FA1B12599EC /* [CP] Check Pods Manifest.lock */,
				AC18171D1F9E51FA006B5156 /* Sources */,
				AC18171E1F9E51FA006B5156 /* Frameworks */,
				AC18171F1F9E51FA006B5156 /* Resources */,
				208CB1C12B654EC562EAEF49 /* [CP] Embed Pods Frameworks */,
				7995260B5CC5098A25F6E45A /* [CP] Copy Pods Resources */,
			);
			buildRules = (
			);
			dependencies = (
				AC1817231F9E51FA006B5156 /* PBXTargetDependency */,
			);
			name = TweetsTests;
			productName = TweetsTests;
			productReference = AC1817211F9E51FA006B5156 /* TweetsTests.xctest */;
			productType = "com.apple.product-type.bundle.unit-test";
		};
		AC18172B1F9E51FA006B5156 /* TweetsUITests */ = {
			isa = PBXNativeTarget;
			buildConfigurationList = AC18173B1F9E51FA006B5156 /* Build configuration list for PBXNativeTarget "TweetsUITests" */;
			buildPhases = (
				D089D48528FB74A93C2C7A60 /* [CP] Check Pods Manifest.lock */,
				AC1817281F9E51FA006B5156 /* Sources */,
				AC1817291F9E51FA006B5156 /* Frameworks */,
				AC18172A1F9E51FA006B5156 /* Resources */,
				F71114E3A6F1F2E164F0606F /* [CP] Embed Pods Frameworks */,
				1B95D7B1D2689ECDBF7AB433 /* [CP] Copy Pods Resources */,
			);
			buildRules = (
			);
			dependencies = (
				AC18172E1F9E51FA006B5156 /* PBXTargetDependency */,
			);
			name = TweetsUITests;
			productName = TweetsUITests;
			productReference = AC18172C1F9E51FA006B5156 /* TweetsUITests.xctest */;
			productType = "com.apple.product-type.bundle.ui-testing";
		};
/* End PBXNativeTarget section */

/* Begin PBXProject section */
		AC1817051F9E51FA006B5156 /* Project object */ = {
			isa = PBXProject;
			attributes = {
				LastSwiftUpdateCheck = 0900;
				LastUpgradeCheck = 0900;
				ORGANIZATIONNAME = "Engin Yıldız";
				TargetAttributes = {
					AC18170C1F9E51FA006B5156 = {
						CreatedOnToolsVersion = 9.0.1;
						ProvisioningStyle = Automatic;
					};
					AC1817201F9E51FA006B5156 = {
						CreatedOnToolsVersion = 9.0.1;
						ProvisioningStyle = Automatic;
						TestTargetID = AC18170C1F9E51FA006B5156;
					};
					AC18172B1F9E51FA006B5156 = {
						CreatedOnToolsVersion = 9.0.1;
						ProvisioningStyle = Automatic;
						TestTargetID = AC18170C1F9E51FA006B5156;
					};
				};
			};
			buildConfigurationList = AC1817081F9E51FA006B5156 /* Build configuration list for PBXProject "Tweets" */;
			compatibilityVersion = "Xcode 8.0";
			developmentRegion = en;
			hasScannedForEncodings = 0;
			knownRegions = (
				en,
				Base,
			);
			mainGroup = AC1817041F9E51FA006B5156;
			productRefGroup = AC18170E1F9E51FA006B5156 /* Products */;
			projectDirPath = "";
			projectRoot = "";
			targets = (
				AC18170C1F9E51FA006B5156 /* Tweets */,
				AC1817201F9E51FA006B5156 /* TweetsTests */,
				AC18172B1F9E51FA006B5156 /* TweetsUITests */,
			);
		};
/* End PBXProject section */

/* Begin PBXResourcesBuildPhase section */
		AC18170B1F9E51FA006B5156 /* Resources */ = {
			isa = PBXResourcesBuildPhase;
			buildActionMask = 2147483647;
			files = (
				AC18171B1F9E51FA006B5156 /* LaunchScreen.storyboard in Resources */,
				AC2D09CF1F9E9111004D4111 /* favorite.png in Resources */,
				AC1817181F9E51FA006B5156 /* Assets.xcassets in Resources */,
				AC1817161F9E51FA006B5156 /* Main.storyboard in Resources */,
				AC018FC91F9E57A2007FF7F8 /* TweetTableViewCell.xib in Resources */,
				AC2D09CD1F9E9111004D4111 /* favorite@2x.png in Resources */,
				AC2D09CE1F9E9111004D4111 /* favorite@3x.png in Resources */,
				AC018FD11F9E5808007FF7F8 /* retweet.png in Resources */,
				AC018FCF1F9E5808007FF7F8 /* retweet@3x.png in Resources */,
				AC018FD01F9E5808007FF7F8 /* retweet@2x.png in Resources */,
			);
			runOnlyForDeploymentPostprocessing = 0;
		};
		AC18171F1F9E51FA006B5156 /* Resources */ = {
			isa = PBXResourcesBuildPhase;
			buildActionMask = 2147483647;
			files = (
			);
			runOnlyForDeploymentPostprocessing = 0;
		};
		AC18172A1F9E51FA006B5156 /* Resources */ = {
			isa = PBXResourcesBuildPhase;
			buildActionMask = 2147483647;
			files = (
			);
			runOnlyForDeploymentPostprocessing = 0;
		};
/* End PBXResourcesBuildPhase section */

/* Begin PBXShellScriptBuildPhase section */
		1B95D7B1D2689ECDBF7AB433 /* [CP] Copy Pods Resources */ = {
			isa = PBXShellScriptBuildPhase;
			buildActionMask = 2147483647;
			files = (
			);
			inputPaths = (
			);
			name = "[CP] Copy Pods Resources";
			outputPaths = (
			);
			runOnlyForDeploymentPostprocessing = 0;
			shellPath = /bin/sh;
			shellScript = "\"${SRCROOT}/Pods/Target Support Files/Pods-TweetsUITests/Pods-TweetsUITests-resources.sh\"\n";
			showEnvVarsInLog = 0;
		};
		208CB1C12B654EC562EAEF49 /* [CP] Embed Pods Frameworks */ = {
			isa = PBXShellScriptBuildPhase;
			buildActionMask = 2147483647;
			files = (
			);
			inputPaths = (
			);
			name = "[CP] Embed Pods Frameworks";
			outputPaths = (
			);
			runOnlyForDeploymentPostprocessing = 0;
			shellPath = /bin/sh;
			shellScript = "\"${SRCROOT}/Pods/Target Support Files/Pods-TweetsTests/Pods-TweetsTests-frameworks.sh\"\n";
			showEnvVarsInLog = 0;
		};
		6367EBA888134FA1B12599EC /* [CP] Check Pods Manifest.lock */ = {
			isa = PBXShellScriptBuildPhase;
			buildActionMask = 2147483647;
			files = (
			);
			inputPaths = (
				"${PODS_PODFILE_DIR_PATH}/Podfile.lock",
				"${PODS_ROOT}/Manifest.lock",
			);
			name = "[CP] Check Pods Manifest.lock";
			outputPaths = (
				"$(DERIVED_FILE_DIR)/Pods-TweetsTests-checkManifestLockResult.txt",
			);
			runOnlyForDeploymentPostprocessing = 0;
			shellPath = /bin/sh;
			shellScript = "diff \"${PODS_PODFILE_DIR_PATH}/Podfile.lock\" \"${PODS_ROOT}/Manifest.lock\" > /dev/null\nif [ $? != 0 ] ; then\n    # print error to STDERR\n    echo \"error: The sandbox is not in sync with the Podfile.lock. Run 'pod install' or update your CocoaPods installation.\" >&2\n    exit 1\nfi\n# This output is used by Xcode 'outputs' to avoid re-running this script phase.\necho \"SUCCESS\" > \"${SCRIPT_OUTPUT_FILE_0}\"\n";
			showEnvVarsInLog = 0;
		};
		7995260B5CC5098A25F6E45A /* [CP] Copy Pods Resources */ = {
			isa = PBXShellScriptBuildPhase;
			buildActionMask = 2147483647;
			files = (
			);
			inputPaths = (
			);
			name = "[CP] Copy Pods Resources";
			outputPaths = (
			);
			runOnlyForDeploymentPostprocessing = 0;
			shellPath = /bin/sh;
			shellScript = "\"${SRCROOT}/Pods/Target Support Files/Pods-TweetsTests/Pods-TweetsTests-resources.sh\"\n";
			showEnvVarsInLog = 0;
		};
		7E46DDC464477D64EBBC93BA /* [CP] Copy Pods Resources */ = {
			isa = PBXShellScriptBuildPhase;
			buildActionMask = 2147483647;
			files = (
			);
			inputPaths = (
				"${SRCROOT}/Pods/Target Support Files/Pods-Tweets/Pods-Tweets-resources.sh",
				"${PODS_ROOT}/TwitterKit/iOS/TwitterKit.framework/TwitterKitResources.bundle",
				"${PODS_ROOT}/TwitterKit/iOS/TwitterKit.framework/TwitterShareExtensionUIResources.bundle",
			);
			name = "[CP] Copy Pods Resources";
			outputPaths = (
				"${TARGET_BUILD_DIR}/${UNLOCALIZED_RESOURCES_FOLDER_PATH}",
			);
			runOnlyForDeploymentPostprocessing = 0;
			shellPath = /bin/sh;
			shellScript = "\"${SRCROOT}/Pods/Target Support Files/Pods-Tweets/Pods-Tweets-resources.sh\"\n";
			showEnvVarsInLog = 0;
		};
		D0490EE2FD3D38278BBD8D4B /* [CP] Check Pods Manifest.lock */ = {
			isa = PBXShellScriptBuildPhase;
			buildActionMask = 2147483647;
			files = (
			);
			inputPaths = (
				"${PODS_PODFILE_DIR_PATH}/Podfile.lock",
				"${PODS_ROOT}/Manifest.lock",
			);
			name = "[CP] Check Pods Manifest.lock";
			outputPaths = (
				"$(DERIVED_FILE_DIR)/Pods-Tweets-checkManifestLockResult.txt",
			);
			runOnlyForDeploymentPostprocessing = 0;
			shellPath = /bin/sh;
			shellScript = "diff \"${PODS_PODFILE_DIR_PATH}/Podfile.lock\" \"${PODS_ROOT}/Manifest.lock\" > /dev/null\nif [ $? != 0 ] ; then\n    # print error to STDERR\n    echo \"error: The sandbox is not in sync with the Podfile.lock. Run 'pod install' or update your CocoaPods installation.\" >&2\n    exit 1\nfi\n# This output is used by Xcode 'outputs' to avoid re-running this script phase.\necho \"SUCCESS\" > \"${SCRIPT_OUTPUT_FILE_0}\"\n";
			showEnvVarsInLog = 0;
		};
		D089D48528FB74A93C2C7A60 /* [CP] Check Pods Manifest.lock */ = {
			isa = PBXShellScriptBuildPhase;
			buildActionMask = 2147483647;
			files = (
			);
			inputPaths = (
				"${PODS_PODFILE_DIR_PATH}/Podfile.lock",
				"${PODS_ROOT}/Manifest.lock",
			);
			name = "[CP] Check Pods Manifest.lock";
			outputPaths = (
				"$(DERIVED_FILE_DIR)/Pods-TweetsUITests-checkManifestLockResult.txt",
			);
			runOnlyForDeploymentPostprocessing = 0;
			shellPath = /bin/sh;
			shellScript = "diff \"${PODS_PODFILE_DIR_PATH}/Podfile.lock\" \"${PODS_ROOT}/Manifest.lock\" > /dev/null\nif [ $? != 0 ] ; then\n    # print error to STDERR\n    echo \"error: The sandbox is not in sync with the Podfile.lock. Run 'pod install' or update your CocoaPods installation.\" >&2\n    exit 1\nfi\n# This output is used by Xcode 'outputs' to avoid re-running this script phase.\necho \"SUCCESS\" > \"${SCRIPT_OUTPUT_FILE_0}\"\n";
			showEnvVarsInLog = 0;
		};
		E1202E70C0664938A2AEA85A /* [CP] Embed Pods Frameworks */ = {
			isa = PBXShellScriptBuildPhase;
			buildActionMask = 2147483647;
			files = (
			);
			inputPaths = (
				"${SRCROOT}/Pods/Target Support Files/Pods-Tweets/Pods-Tweets-frameworks.sh",
				"${BUILT_PRODUCTS_DIR}/SDWebImage/SDWebImage.framework",
			);
			name = "[CP] Embed Pods Frameworks";
			outputPaths = (
				"${TARGET_BUILD_DIR}/${FRAMEWORKS_FOLDER_PATH}/SDWebImage.framework",
			);
			runOnlyForDeploymentPostprocessing = 0;
			shellPath = /bin/sh;
			shellScript = "\"${SRCROOT}/Pods/Target Support Files/Pods-Tweets/Pods-Tweets-frameworks.sh\"\n";
			showEnvVarsInLog = 0;
		};
		F71114E3A6F1F2E164F0606F /* [CP] Embed Pods Frameworks */ = {
			isa = PBXShellScriptBuildPhase;
			buildActionMask = 2147483647;
			files = (
			);
			inputPaths = (
			);
			name = "[CP] Embed Pods Frameworks";
			outputPaths = (
			);
			runOnlyForDeploymentPostprocessing = 0;
			shellPath = /bin/sh;
			shellScript = "\"${SRCROOT}/Pods/Target Support Files/Pods-TweetsUITests/Pods-TweetsUITests-frameworks.sh\"\n";
			showEnvVarsInLog = 0;
		};
/* End PBXShellScriptBuildPhase section */

/* Begin PBXSourcesBuildPhase section */
		AC1817091F9E51FA006B5156 /* Sources */ = {
			isa = PBXSourcesBuildPhase;
			buildActionMask = 2147483647;
			files = (
				AC018FC31F9E573B007FF7F8 /* TweetsViewController.swift in Sources */,
				AC018FC51F9E5772007FF7F8 /* TweetObject.swift in Sources */,
				AC1817111F9E51FA006B5156 /* AppDelegate.swift in Sources */,
				AC018FC81F9E57A2007FF7F8 /* TweetTableViewCell.swift in Sources */,
				AC018FD31F9E581F007FF7F8 /* TweetSearchAPIHelper.swift in Sources */,
				AC2D5F451F9E5B1200656B01 /* LoadingView.swift in Sources */,
				AC018FD51F9E59B3007FF7F8 /* UtilityMethods.swift in Sources */,
			);
			runOnlyForDeploymentPostprocessing = 0;
		};
		AC18171D1F9E51FA006B5156 /* Sources */ = {
			isa = PBXSourcesBuildPhase;
			buildActionMask = 2147483647;
			files = (
				AC1817261F9E51FA006B5156 /* TweetsTests.swift in Sources */,
			);
			runOnlyForDeploymentPostprocessing = 0;
		};
		AC1817281F9E51FA006B5156 /* Sources */ = {
			isa = PBXSourcesBuildPhase;
			buildActionMask = 2147483647;
			files = (
				AC1817311F9E51FA006B5156 /* TweetsUITests.swift in Sources */,
			);
			runOnlyForDeploymentPostprocessing = 0;
		};
/* End PBXSourcesBuildPhase section */

/* Begin PBXTargetDependency section */
		AC1817231F9E51FA006B5156 /* PBXTargetDependency */ = {
			isa = PBXTargetDependency;
			target = AC18170C1F9E51FA006B5156 /* Tweets */;
			targetProxy = AC1817221F9E51FA006B5156 /* PBXContainerItemProxy */;
		};
		AC18172E1F9E51FA006B5156 /* PBXTargetDependency */ = {
			isa = PBXTargetDependency;
			target = AC18170C1F9E51FA006B5156 /* Tweets */;
			targetProxy = AC18172D1F9E51FA006B5156 /* PBXContainerItemProxy */;
		};
/* End PBXTargetDependency section */

/* Begin PBXVariantGroup section */
		AC1817141F9E51FA006B5156 /* Main.storyboard */ = {
			isa = PBXVariantGroup;
			children = (
				AC1817151F9E51FA006B5156 /* Base */,
			);
			name = Main.storyboard;
			sourceTree = "<group>";
		};
		AC1817191F9E51FA006B5156 /* LaunchScreen.storyboard */ = {
			isa = PBXVariantGroup;
			children = (
				AC18171A1F9E51FA006B5156 /* Base */,
			);
			name = LaunchScreen.storyboard;
			sourceTree = "<group>";
		};
/* End PBXVariantGroup section */

/* Begin XCBuildConfiguration section */
		AC1817331F9E51FA006B5156 /* Debug */ = {
			isa = XCBuildConfiguration;
			buildSettings = {
				ALWAYS_SEARCH_USER_PATHS = NO;
				CLANG_ANALYZER_NONNULL = YES;
				CLANG_ANALYZER_NUMBER_OBJECT_CONVERSION = YES_AGGRESSIVE;
				CLANG_CXX_LANGUAGE_STANDARD = "gnu++14";
				CLANG_CXX_LIBRARY = "libc++";
				CLANG_ENABLE_MODULES = YES;
				CLANG_ENABLE_OBJC_ARC = YES;
				CLANG_WARN_BLOCK_CAPTURE_AUTORELEASING = YES;
				CLANG_WARN_BOOL_CONVERSION = YES;
				CLANG_WARN_COMMA = YES;
				CLANG_WARN_CONSTANT_CONVERSION = YES;
				CLANG_WARN_DIRECT_OBJC_ISA_USAGE = YES_ERROR;
				CLANG_WARN_DOCUMENTATION_COMMENTS = YES;
				CLANG_WARN_EMPTY_BODY = YES;
				CLANG_WARN_ENUM_CONVERSION = YES;
				CLANG_WARN_INFINITE_RECURSION = YES;
				CLANG_WARN_INT_CONVERSION = YES;
				CLANG_WARN_NON_LITERAL_NULL_CONVERSION = YES;
				CLANG_WARN_OBJC_LITERAL_CONVERSION = YES;
				CLANG_WARN_OBJC_ROOT_CLASS = YES_ERROR;
				CLANG_WARN_RANGE_LOOP_ANALYSIS = YES;
				CLANG_WARN_STRICT_PROTOTYPES = YES;
				CLANG_WARN_SUSPICIOUS_MOVE = YES;
				CLANG_WARN_UNGUARDED_AVAILABILITY = YES_AGGRESSIVE;
				CLANG_WARN_UNREACHABLE_CODE = YES;
				CLANG_WARN__DUPLICATE_METHOD_MATCH = YES;
				CODE_SIGN_IDENTITY = "iPhone Developer";
				COPY_PHASE_STRIP = NO;
				DEBUG_INFORMATION_FORMAT = dwarf;
				ENABLE_STRICT_OBJC_MSGSEND = YES;
				ENABLE_TESTABILITY = YES;
				GCC_C_LANGUAGE_STANDARD = gnu11;
				GCC_DYNAMIC_NO_PIC = NO;
				GCC_NO_COMMON_BLOCKS = YES;
				GCC_OPTIMIZATION_LEVEL = 0;
				GCC_PREPROCESSOR_DEFINITIONS = (
					"DEBUG=1",
					"$(inherited)",
				);
				GCC_WARN_64_TO_32_BIT_CONVERSION = YES;
				GCC_WARN_ABOUT_RETURN_TYPE = YES_ERROR;
				GCC_WARN_UNDECLARED_SELECTOR = YES;
				GCC_WARN_UNINITIALIZED_AUTOS = YES_AGGRESSIVE;
				GCC_WARN_UNUSED_FUNCTION = YES;
				GCC_WARN_UNUSED_VARIABLE = YES;
				IPHONEOS_DEPLOYMENT_TARGET = 9.0;
				MTL_ENABLE_DEBUG_INFO = YES;
				ONLY_ACTIVE_ARCH = YES;
				SDKROOT = iphoneos;
				SWIFT_ACTIVE_COMPILATION_CONDITIONS = DEBUG;
				SWIFT_OPTIMIZATION_LEVEL = "-Onone";
			};
			name = Debug;
		};
		AC1817341F9E51FA006B5156 /* Release */ = {
			isa = XCBuildConfiguration;
			buildSettings = {
				ALWAYS_SEARCH_USER_PATHS = NO;
				CLANG_ANALYZER_NONNULL = YES;
				CLANG_ANALYZER_NUMBER_OBJECT_CONVERSION = YES_AGGRESSIVE;
				CLANG_CXX_LANGUAGE_STANDARD = "gnu++14";
				CLANG_CXX_LIBRARY = "libc++";
				CLANG_ENABLE_MODULES = YES;
				CLANG_ENABLE_OBJC_ARC = YES;
				CLANG_WARN_BLOCK_CAPTURE_AUTORELEASING = YES;
				CLANG_WARN_BOOL_CONVERSION = YES;
				CLANG_WARN_COMMA = YES;
				CLANG_WARN_CONSTANT_CONVERSION = YES;
				CLANG_WARN_DIRECT_OBJC_ISA_USAGE = YES_ERROR;
				CLANG_WARN_DOCUMENTATION_COMMENTS = YES;
				CLANG_WARN_EMPTY_BODY = YES;
				CLANG_WARN_ENUM_CONVERSION = YES;
				CLANG_WARN_INFINITE_RECURSION = YES;
				CLANG_WARN_INT_CONVERSION = YES;
				CLANG_WARN_NON_LITERAL_NULL_CONVERSION = YES;
				CLANG_WARN_OBJC_LITERAL_CONVERSION = YES;
				CLANG_WARN_OBJC_ROOT_CLASS = YES_ERROR;
				CLANG_WARN_RANGE_LOOP_ANALYSIS = YES;
				CLANG_WARN_STRICT_PROTOTYPES = YES;
				CLANG_WARN_SUSPICIOUS_MOVE = YES;
				CLANG_WARN_UNGUARDED_AVAILABILITY = YES_AGGRESSIVE;
				CLANG_WARN_UNREACHABLE_CODE = YES;
				CLANG_WARN__DUPLICATE_METHOD_MATCH = YES;
				CODE_SIGN_IDENTITY = "iPhone Developer";
				COPY_PHASE_STRIP = NO;
				DEBUG_INFORMATION_FORMAT = "dwarf-with-dsym";
				ENABLE_NS_ASSERTIONS = NO;
				ENABLE_STRICT_OBJC_MSGSEND = YES;
				GCC_C_LANGUAGE_STANDARD = gnu11;
				GCC_NO_COMMON_BLOCKS = YES;
				GCC_WARN_64_TO_32_BIT_CONVERSION = YES;
				GCC_WARN_ABOUT_RETURN_TYPE = YES_ERROR;
				GCC_WARN_UNDECLARED_SELECTOR = YES;
				GCC_WARN_UNINITIALIZED_AUTOS = YES_AGGRESSIVE;
				GCC_WARN_UNUSED_FUNCTION = YES;
				GCC_WARN_UNUSED_VARIABLE = YES;
				IPHONEOS_DEPLOYMENT_TARGET = 9.0;
				MTL_ENABLE_DEBUG_INFO = NO;
				SDKROOT = iphoneos;
				SWIFT_OPTIMIZATION_LEVEL = "-Owholemodule";
				VALIDATE_PRODUCT = YES;
			};
			name = Release;
		};
		AC1817361F9E51FA006B5156 /* Debug */ = {
			isa = XCBuildConfiguration;
			baseConfigurationReference = F742334F6451C581884540DA /* Pods-Tweets.debug.xcconfig */;
			buildSettings = {
				ASSETCATALOG_COMPILER_APPICON_NAME = AppIcon;
				CODE_SIGN_STYLE = Automatic;
				INFOPLIST_FILE = Tweets/Info.plist;
				IPHONEOS_DEPLOYMENT_TARGET = 9.0;
				LD_RUNPATH_SEARCH_PATHS = "$(inherited) @executable_path/Frameworks";
				PRODUCT_BUNDLE_IDENTIFIER = com.Tweets;
				PRODUCT_NAME = "$(TARGET_NAME)";
				SWIFT_VERSION = 4.0;
				TARGETED_DEVICE_FAMILY = "1,2";
			};
			name = Debug;
		};
		AC1817371F9E51FA006B5156 /* Release */ = {
			isa = XCBuildConfiguration;
			baseConfigurationReference = F0FAA789E8EA9782038AE4F3 /* Pods-Tweets.release.xcconfig */;
			buildSettings = {
				ASSETCATALOG_COMPILER_APPICON_NAME = AppIcon;
				CODE_SIGN_STYLE = Automatic;
				INFOPLIST_FILE = Tweets/Info.plist;
				IPHONEOS_DEPLOYMENT_TARGET = 9.0;
				LD_RUNPATH_SEARCH_PATHS = "$(inherited) @executable_path/Frameworks";
				PRODUCT_BUNDLE_IDENTIFIER = com.Tweets;
				PRODUCT_NAME = "$(TARGET_NAME)";
				SWIFT_VERSION = 4.0;
				TARGETED_DEVICE_FAMILY = "1,2";
			};
			name = Release;
		};
		AC1817391F9E51FA006B5156 /* Debug */ = {
			isa = XCBuildConfiguration;
			baseConfigurationReference = 904C13E4AA4E0B57D6D7582E /* Pods-TweetsTests.debug.xcconfig */;
			buildSettings = {
				ALWAYS_EMBED_SWIFT_STANDARD_LIBRARIES = YES;
				BUNDLE_LOADER = "$(TEST_HOST)";
				CODE_SIGN_STYLE = Automatic;
				INFOPLIST_FILE = TweetsTests/Info.plist;
				LD_RUNPATH_SEARCH_PATHS = "$(inherited) @executable_path/Frameworks @loader_path/Frameworks";
				PRODUCT_BUNDLE_IDENTIFIER = com.TweetsTests;
				PRODUCT_NAME = "$(TARGET_NAME)";
				SWIFT_VERSION = 4.0;
				TARGETED_DEVICE_FAMILY = "1,2";
				TEST_HOST = "$(BUILT_PRODUCTS_DIR)/Tweets.app/Tweets";
			};
			name = Debug;
		};
		AC18173A1F9E51FA006B5156 /* Release */ = {
			isa = XCBuildConfiguration;
			baseConfigurationReference = 1D7979BE5B12A34E19CE0AEF /* Pods-TweetsTests.release.xcconfig */;
			buildSettings = {
				ALWAYS_EMBED_SWIFT_STANDARD_LIBRARIES = YES;
				BUNDLE_LOADER = "$(TEST_HOST)";
				CODE_SIGN_STYLE = Automatic;
				INFOPLIST_FILE = TweetsTests/Info.plist;
				LD_RUNPATH_SEARCH_PATHS = "$(inherited) @executable_path/Frameworks @loader_path/Frameworks";
				PRODUCT_BUNDLE_IDENTIFIER = com.TweetsTests;
				PRODUCT_NAME = "$(TARGET_NAME)";
				SWIFT_VERSION = 4.0;
				TARGETED_DEVICE_FAMILY = "1,2";
				TEST_HOST = "$(BUILT_PRODUCTS_DIR)/Tweets.app/Tweets";
			};
			name = Release;
		};
		AC18173C1F9E51FA006B5156 /* Debug */ = {
			isa = XCBuildConfiguration;
			baseConfigurationReference = E786A1DB0B783A89730E4F75 /* Pods-TweetsUITests.debug.xcconfig */;
			buildSettings = {
				ALWAYS_EMBED_SWIFT_STANDARD_LIBRARIES = YES;
				CODE_SIGN_STYLE = Automatic;
				INFOPLIST_FILE = TweetsUITests/Info.plist;
				LD_RUNPATH_SEARCH_PATHS = "$(inherited) @executable_path/Frameworks @loader_path/Frameworks";
				PRODUCT_BUNDLE_IDENTIFIER = com.TweetsUITests;
				PRODUCT_NAME = "$(TARGET_NAME)";
				SWIFT_VERSION = 4.0;
				TARGETED_DEVICE_FAMILY = "1,2";
				TEST_TARGET_NAME = Tweets;
			};
			name = Debug;
		};
		AC18173D1F9E51FA006B5156 /* Release */ = {
			isa = XCBuildConfiguration;
			baseConfigurationReference = B41CBEF9DB9C0FB104F51B46 /* Pods-TweetsUITests.release.xcconfig */;
			buildSettings = {
				ALWAYS_EMBED_SWIFT_STANDARD_LIBRARIES = YES;
				CODE_SIGN_STYLE = Automatic;
				INFOPLIST_FILE = TweetsUITests/Info.plist;
				LD_RUNPATH_SEARCH_PATHS = "$(inherited) @executable_path/Frameworks @loader_path/Frameworks";
				PRODUCT_BUNDLE_IDENTIFIER = com.TweetsUITests;
				PRODUCT_NAME = "$(TARGET_NAME)";
				SWIFT_VERSION = 4.0;
				TARGETED_DEVICE_FAMILY = "1,2";
				TEST_TARGET_NAME = Tweets;
			};
			name = Release;
		};
/* End XCBuildConfiguration section */

/* Begin XCConfigurationList section */
		AC1817081F9E51FA006B5156 /* Build configuration list for PBXProject "Tweets" */ = {
			isa = XCConfigurationList;
			buildConfigurations = (
				AC1817331F9E51FA006B5156 /* Debug */,
				AC1817341F9E51FA006B5156 /* Release */,
			);
			defaultConfigurationIsVisible = 0;
			defaultConfigurationName = Release;
		};
		AC1817351F9E51FA006B5156 /* Build configuration list for PBXNativeTarget "Tweets" */ = {
			isa = XCConfigurationList;
			buildConfigurations = (
				AC1817361F9E51FA006B5156 /* Debug */,
				AC1817371F9E51FA006B5156 /* Release */,
			);
			defaultConfigurationIsVisible = 0;
			defaultConfigurationName = Release;
		};
		AC1817381F9E51FA006B5156 /* Build configuration list for PBXNativeTarget "TweetsTests" */ = {
			isa = XCConfigurationList;
			buildConfigurations = (
				AC1817391F9E51FA006B5156 /* Debug */,
				AC18173A1F9E51FA006B5156 /* Release */,
			);
			defaultConfigurationIsVisible = 0;
			defaultConfigurationName = Release;
		};
		AC18173B1F9E51FA006B5156 /* Build configuration list for PBXNativeTarget "TweetsUITests" */ = {
			isa = XCConfigurationList;
			buildConfigurations = (
				AC18173C1F9E51FA006B5156 /* Debug */,
				AC18173D1F9E51FA006B5156 /* Release */,
			);
			defaultConfigurationIsVisible = 0;
			defaultConfigurationName = Release;
		};
/* End XCConfigurationList section */
	};
	rootObject = AC1817051F9E51FA006B5156 /* Project object */;
}
